
Microsoft Visual Studio Solution File, Format Version 12.00
# Visual Studio Version 17
VisualStudioVersion = 17.0.31903.59
MinimumVisualStudioVersion = 10.0.40219.1
Project("{2150E333-8FDC-42A3-9474-1A3956D46DE8}") = "Core", "Core", "{D457B16A-DA7A-415B-A561-BA75DA96FF80}"
EndProject
Project("{2150E333-8FDC-42A3-9474-1A3956D46DE8}") = "Infrastructure", "Infrastructure", "{5C587F7E-8E4E-460A-A958-E0AF7D79BB90}"
EndProject
Project("{9A19103F-16F7-4668-BE54-9A1E7A4F7556}") = "JobCloud.BE.Jobs", "Infrastructure\JobCloud.BE.Jobs\JobCloud.BE.Jobs.csproj", "{FBA21C77-A945-45D4-ABA6-5CCA72A5D2F5}"
EndProject
Project("{9A19103F-16F7-4668-BE54-9A1E7A4F7556}") = "JobCloud.BE.DB", "Infrastructure\JobCloud.BE.DB\JobCloud.BE.DB.csproj", "{A16E094A-54A4-4A64-88E1-B3F22202193E}"
EndProject
Project("{9A19103F-16F7-4668-BE54-9A1E7A4F7556}") = "JobCloud.BE.WebApi", "Core\JobCloud.BE.WebApi\JobCloud.BE.WebApi.csproj", "{C133613C-0977-4554-B5B8-9551C8CA954B}"
EndProject
Project("{9A19103F-16F7-4668-BE54-9A1E7A4F7556}") = "JobCloud.BE.Application", "Core\JobCloud.BE.Application\JobCloud.BE.Application.csproj", "{61E7D84E-3513-4455-950F-A11B88E195FC}"
EndProject
Project("{2150E333-8FDC-42A3-9474-1A3956D46DE8}") = "Tests", "Tests", "{0E8D34D2-1B54-4A05-A8E1-410EA1A07A43}"
EndProject
Project("{9A19103F-16F7-4668-BE54-9A1E7A4F7556}") = "JobCloud.BE.ApplicationTests", "JobCloud.BE.ApplicationTests\JobCloud.BE.ApplicationTests.csproj", "{580E15C2-1EC9-4D89-9F78-7B3D9E048A44}"
EndProject
Project("{9A19103F-16F7-4668-BE54-9A1E7A4F7556}") = "JobCloud.BE.Infrastructure.IntegrationTests", "JobCloud.BE.Infrastructure.IntegrationTests\JobCloud.BE.Infrastructure.IntegrationTests.csproj", "{04ECD7E5-4F93-4E1E-8EA8-83F5796DF681}"
EndProject
Project("{2150E333-8FDC-42A3-9474-1A3956D46DE8}") = "External", "External", "{FA1DB68A-8114-4BC9-9950-A34FCC35B406}"
EndProject
Project("{2150E333-8FDC-42A3-9474-1A3956D46DE8}") = "Discord", "Discord", "{2FDA738E-9B18-4054-A771-0FDBB32D137A}"
EndProject
Project("{9A19103F-16F7-4668-BE54-9A1E7A4F7556}") = "JobCloud.BE.Adapter", "JobCloud.BE.Adapter\JobCloud.BE.Adapter.csproj", "{802AB4FF-5434-43EA-8810-9E64F99680BD}"
EndProject
Project("{2150E333-8FDC-42A3-9474-1A3956D46DE8}") = "Scrappers", "Scrappers", "{4B35E11F-1143-4D49-9794-CD2149DE7615}"
EndProject
Project("{2150E333-8FDC-42A3-9474-1A3956D46DE8}") = "JustJoinIT", "JustJoinIT", "{965F87FD-EDC9-4ADC-AFC6-BE8D3B51C44E}"
EndProject
Project("{9A19103F-16F7-4668-BE54-9A1E7A4F7556}") = "JobCloud.BE.Scrapper.JustJoinIt.Application", "JobCloud.BE.Scrapper.JustJoinIt.Application\JobCloud.BE.Scrapper.JustJoinIt.Application.csproj", "{A6B25606-A768-46A1-A917-52539C43440F}"
EndProject
Project("{9A19103F-16F7-4668-BE54-9A1E7A4F7556}") = "JobCloud.BE.Domain", "JobCloud.BE.Domain\JobCloud.BE.Domain.csproj", "{0EEEC1D0-1A5C-4545-ABED-18CFB15DC492}"
EndProject
Global
	GlobalSection(SolutionConfigurationPlatforms) = preSolution
		Debug|Any CPU = Debug|Any CPU
		Release|Any CPU = Release|Any CPU
	EndGlobalSection
	GlobalSection(ProjectConfigurationPlatforms) = postSolution
		{FBA21C77-A945-45D4-ABA6-5CCA72A5D2F5}.Debug|Any CPU.ActiveCfg = Debug|Any CPU
		{FBA21C77-A945-45D4-ABA6-5CCA72A5D2F5}.Debug|Any CPU.Build.0 = Debug|Any CPU
		{FBA21C77-A945-45D4-ABA6-5CCA72A5D2F5}.Release|Any CPU.ActiveCfg = Release|Any CPU
		{FBA21C77-A945-45D4-ABA6-5CCA72A5D2F5}.Release|Any CPU.Build.0 = Release|Any CPU
		{A16E094A-54A4-4A64-88E1-B3F22202193E}.Debug|Any CPU.ActiveCfg = Debug|Any CPU
		{A16E094A-54A4-4A64-88E1-B3F22202193E}.Debug|Any CPU.Build.0 = Debug|Any CPU
		{A16E094A-54A4-4A64-88E1-B3F22202193E}.Release|Any CPU.ActiveCfg = Release|Any CPU
		{A16E094A-54A4-4A64-88E1-B3F22202193E}.Release|Any CPU.Build.0 = Release|Any CPU
		{C133613C-0977-4554-B5B8-9551C8CA954B}.Debug|Any CPU.ActiveCfg = Debug|Any CPU
		{C133613C-0977-4554-B5B8-9551C8CA954B}.Debug|Any CPU.Build.0 = Debug|Any CPU
		{C133613C-0977-4554-B5B8-9551C8CA954B}.Release|Any CPU.ActiveCfg = Release|Any CPU
		{C133613C-0977-4554-B5B8-9551C8CA954B}.Release|Any CPU.Build.0 = Release|Any CPU
		{61E7D84E-3513-4455-950F-A11B88E195FC}.Debug|Any CPU.ActiveCfg = Debug|Any CPU
		{61E7D84E-3513-4455-950F-A11B88E195FC}.Debug|Any CPU.Build.0 = Debug|Any CPU
		{61E7D84E-3513-4455-950F-A11B88E195FC}.Release|Any CPU.ActiveCfg = Release|Any CPU
		{61E7D84E-3513-4455-950F-A11B88E195FC}.Release|Any CPU.Build.0 = Release|Any CPU
		{580E15C2-1EC9-4D89-9F78-7B3D9E048A44}.Debug|Any CPU.ActiveCfg = Debug|Any CPU
		{580E15C2-1EC9-4D89-9F78-7B3D9E048A44}.Debug|Any CPU.Build.0 = Debug|Any CPU
		{580E15C2-1EC9-4D89-9F78-7B3D9E048A44}.Release|Any CPU.ActiveCfg = Release|Any CPU
		{580E15C2-1EC9-4D89-9F78-7B3D9E048A44}.Release|Any CPU.Build.0 = Release|Any CPU
		{04ECD7E5-4F93-4E1E-8EA8-83F5796DF681}.Debug|Any CPU.ActiveCfg = Debug|Any CPU
		{04ECD7E5-4F93-4E1E-8EA8-83F5796DF681}.Debug|Any CPU.Build.0 = Debug|Any CPU
		{04ECD7E5-4F93-4E1E-8EA8-83F5796DF681}.Release|Any CPU.ActiveCfg = Release|Any CPU
		{04ECD7E5-4F93-4E1E-8EA8-83F5796DF681}.Release|Any CPU.Build.0 = Release|Any CPU
		{802AB4FF-5434-43EA-8810-9E64F99680BD}.Debug|Any CPU.ActiveCfg = Debug|Any CPU
		{802AB4FF-5434-43EA-8810-9E64F99680BD}.Debug|Any CPU.Build.0 = Debug|Any CPU
		{802AB4FF-5434-43EA-8810-9E64F99680BD}.Release|Any CPU.ActiveCfg = Release|Any CPU
		{802AB4FF-5434-43EA-8810-9E64F99680BD}.Release|Any CPU.Build.0 = Release|Any CPU
		{A6B25606-A768-46A1-A917-52539C43440F}.Debug|Any CPU.ActiveCfg = Debug|Any CPU
		{A6B25606-A768-46A1-A917-52539C43440F}.Debug|Any CPU.Build.0 = Debug|Any CPU
		{A6B25606-A768-46A1-A917-52539C43440F}.Release|Any CPU.ActiveCfg = Release|Any CPU
		{A6B25606-A768-46A1-A917-52539C43440F}.Release|Any CPU.Build.0 = Release|Any CPU
		{0EEEC1D0-1A5C-4545-ABED-18CFB15DC492}.Debug|Any CPU.ActiveCfg = Debug|Any CPU
		{0EEEC1D0-1A5C-4545-ABED-18CFB15DC492}.Debug|Any CPU.Build.0 = Debug|Any CPU
		{0EEEC1D0-1A5C-4545-ABED-18CFB15DC492}.Release|Any CPU.ActiveCfg = Release|Any CPU
		{0EEEC1D0-1A5C-4545-ABED-18CFB15DC492}.Release|Any CPU.Build.0 = Release|Any CPU
	EndGlobalSection
	GlobalSection(SolutionProperties) = preSolution
		HideSolutionNode = FALSE
	EndGlobalSection
	GlobalSection(NestedProjects) = preSolution
		{FBA21C77-A945-45D4-ABA6-5CCA72A5D2F5} = {5C587F7E-8E4E-460A-A958-E0AF7D79BB90}
		{A16E094A-54A4-4A64-88E1-B3F22202193E} = {5C587F7E-8E4E-460A-A958-E0AF7D79BB90}
		{C133613C-0977-4554-B5B8-9551C8CA954B} = {D457B16A-DA7A-415B-A561-BA75DA96FF80}
		{61E7D84E-3513-4455-950F-A11B88E195FC} = {D457B16A-DA7A-415B-A561-BA75DA96FF80}
		{580E15C2-1EC9-4D89-9F78-7B3D9E048A44} = {0E8D34D2-1B54-4A05-A8E1-410EA1A07A43}
		{04ECD7E5-4F93-4E1E-8EA8-83F5796DF681} = {0E8D34D2-1B54-4A05-A8E1-410EA1A07A43}
		{2FDA738E-9B18-4054-A771-0FDBB32D137A} = {5C587F7E-8E4E-460A-A958-E0AF7D79BB90}
		{802AB4FF-5434-43EA-8810-9E64F99680BD} = {FA1DB68A-8114-4BC9-9950-A34FCC35B406}
		{4B35E11F-1143-4D49-9794-CD2149DE7615} = {FA1DB68A-8114-4BC9-9950-A34FCC35B406}
		{965F87FD-EDC9-4ADC-AFC6-BE8D3B51C44E} = {4B35E11F-1143-4D49-9794-CD2149DE7615}
		{A6B25606-A768-46A1-A917-52539C43440F} = {965F87FD-EDC9-4ADC-AFC6-BE8D3B51C44E}
		{0EEEC1D0-1A5C-4545-ABED-18CFB15DC492} = {D457B16A-DA7A-415B-A561-BA75DA96FF80}
	EndGlobalSection
	GlobalSection(ExtensibilityGlobals) = postSolution
		SolutionGuid = {8AA8A38F-0A4D-42BE-95B1-07307DB3867C}
	EndGlobalSection
EndGlobal
